# THIS IS AN AUTOGENERATED FILE. DO NOT EDIT THIS FILE DIRECTLY.
# yarn lockfile v1


"@biscuitnick/playing-card@^0.0.1":
  version "0.0.1"
  resolved "https://registry.yarnpkg.com/@biscuitnick/playing-card/-/playing-card-0.0.1.tgz#64745568cc8b8e495d4de512d9e414d02718c60c"
  integrity sha512-BtSGIT5njFcSLd89QkHrV9kMIbYB0QcRwGpTM/GeXSQqFq4wc6po9nOezCgajYnJ354qYbjvFFZ1+srKmQck5A==
